
Microsoft Visual Studio Solution File, Format Version 12.00
# Visual Studio Version 17
VisualStudioVersion = 17.8.34330.188
MinimumVisualStudioVersion = 10.0.40219.1
Project("{FAE04EC0-301F-11D3-BF4B-00C04F79EFBC}") = "Tasker", "Tasker\Tasker.csproj", "{9BEE2D7C-0C8C-4509-90FB-9A709AFD528A}"
EndProject
Project("{FAE04EC0-301F-11D3-BF4B-00C04F79EFBC}") = "Tasker.Entities", "Tasker.Entities\Tasker.Entities.csproj", "{4AED766E-4B3F-4FBC-891B-EF446E520C23}"
EndProject
Project("{FAE04EC0-301F-11D3-BF4B-00C04F79EFBC}") = "Tasker.DataAccess", "Tasker.DataAccess\Tasker.DataAccess.csproj", "{A12D42B0-8640-4153-B781-E3B0E133E79A}"
EndProject
Project("{FAE04EC0-301F-11D3-BF4B-00C04F79EFBC}") = "Tasker.Services", "Tasker.Services\Tasker.Services.csproj", "{E30A7C2C-A443-4DB5-8BBF-31FCB7B7596E}"
EndProject
Project("{FAE04EC0-301F-11D3-BF4B-00C04F79EFBC}") = "Tasker.Dto", "Tasker.Dto\Tasker.Dto.csproj", "{CE9AF157-4D1A-4852-8AE1-78523B9EEC82}"
EndProject
Global
	GlobalSection(SolutionConfigurationPlatforms) = preSolution
		Debug|Any CPU = Debug|Any CPU
		Release|Any CPU = Release|Any CPU
	EndGlobalSection
	GlobalSection(ProjectConfigurationPlatforms) = postSolution
		{9BEE2D7C-0C8C-4509-90FB-9A709AFD528A}.Debug|Any CPU.ActiveCfg = Debug|Any CPU
		{9BEE2D7C-0C8C-4509-90FB-9A709AFD528A}.Debug|Any CPU.Build.0 = Debug|Any CPU
		{9BEE2D7C-0C8C-4509-90FB-9A709AFD528A}.Release|Any CPU.ActiveCfg = Release|Any CPU
		{9BEE2D7C-0C8C-4509-90FB-9A709AFD528A}.Release|Any CPU.Build.0 = Release|Any CPU
		{4AED766E-4B3F-4FBC-891B-EF446E520C23}.Debug|Any CPU.ActiveCfg = Debug|Any CPU
		{4AED766E-4B3F-4FBC-891B-EF446E520C23}.Debug|Any CPU.Build.0 = Debug|Any CPU
		{4AED766E-4B3F-4FBC-891B-EF446E520C23}.Release|Any CPU.ActiveCfg = Release|Any CPU
		{4AED766E-4B3F-4FBC-891B-EF446E520C23}.Release|Any CPU.Build.0 = Release|Any CPU
		{A12D42B0-8640-4153-B781-E3B0E133E79A}.Debug|Any CPU.ActiveCfg = Debug|Any CPU
		{A12D42B0-8640-4153-B781-E3B0E133E79A}.Debug|Any CPU.Build.0 = Debug|Any CPU
		{A12D42B0-8640-4153-B781-E3B0E133E79A}.Release|Any CPU.ActiveCfg = Release|Any CPU
		{A12D42B0-8640-4153-B781-E3B0E133E79A}.Release|Any CPU.Build.0 = Release|Any CPU
		{E30A7C2C-A443-4DB5-8BBF-31FCB7B7596E}.Debug|Any CPU.ActiveCfg = Debug|Any CPU
		{E30A7C2C-A443-4DB5-8BBF-31FCB7B7596E}.Debug|Any CPU.Build.0 = Debug|Any CPU
		{E30A7C2C-A443-4DB5-8BBF-31FCB7B7596E}.Release|Any CPU.ActiveCfg = Release|Any CPU
		{E30A7C2C-A443-4DB5-8BBF-31FCB7B7596E}.Release|Any CPU.Build.0 = Release|Any CPU
		{CE9AF157-4D1A-4852-8AE1-78523B9EEC82}.Debug|Any CPU.ActiveCfg = Debug|Any CPU
		{CE9AF157-4D1A-4852-8AE1-78523B9EEC82}.Debug|Any CPU.Build.0 = Debug|Any CPU
		{CE9AF157-4D1A-4852-8AE1-78523B9EEC82}.Release|Any CPU.ActiveCfg = Release|Any CPU
		{CE9AF157-4D1A-4852-8AE1-78523B9EEC82}.Release|Any CPU.Build.0 = Release|Any CPU
	EndGlobalSection
	GlobalSection(SolutionProperties) = preSolution
		HideSolutionNode = FALSE
	EndGlobalSection
	GlobalSection(ExtensibilityGlobals) = postSolution
		SolutionGuid = {AEE4D73E-4104-42D0-9B7D-BB12A28B756F}
	EndGlobalSection
EndGlobal
